
Microsoft Visual Studio Solution File, Format Version 12.00
# Visual Studio 15
VisualStudioVersion = 15.0.26430.15
MinimumVisualStudioVersion = 10.0.40219.1
Project("{FAE04EC0-301F-11D3-BF4B-00C04F79EFBC}") = "Ancestor.Core", "src\Ancestor\Ancestor.Core\Ancestor.Core.csproj", "{0B08A6F8-554F-48D4-8944-38E7AF2FE060}"
EndProject
Project("{FAE04EC0-301F-11D3-BF4B-00C04F79EFBC}") = "Ancestor.DataAccess", "src\Ancestor\Ancestor.DataAccess\Ancestor.DataAccess.csproj", "{E94FB95F-A5C1-4DBD-AAD0-25810A531FF9}"
EndProject
Global
	GlobalSection(SolutionConfigurationPlatforms) = preSolution
		Debug|Any CPU = Debug|Any CPU
		Release|Any CPU = Release|Any CPU
	EndGlobalSection
	GlobalSection(ProjectConfigurationPlatforms) = postSolution
		{0B08A6F8-554F-48D4-8944-38E7AF2FE060}.Debug|Any CPU.ActiveCfg = Release|Any CPU
		{0B08A6F8-554F-48D4-8944-38E7AF2FE060}.Debug|Any CPU.Build.0 = Release|Any CPU
		{0B08A6F8-554F-48D4-8944-38E7AF2FE060}.Release|Any CPU.ActiveCfg = Release|Any CPU
		{0B08A6F8-554F-48D4-8944-38E7AF2FE060}.Release|Any CPU.Build.0 = Release|Any CPU
		{E94FB95F-A5C1-4DBD-AAD0-25810A531FF9}.Debug|Any CPU.ActiveCfg = Debug|Any CPU
		{E94FB95F-A5C1-4DBD-AAD0-25810A531FF9}.Debug|Any CPU.Build.0 = Debug|Any CPU
		{E94FB95F-A5C1-4DBD-AAD0-25810A531FF9}.Release|Any CPU.ActiveCfg = Release|Any CPU
		{E94FB95F-A5C1-4DBD-AAD0-25810A531FF9}.Release|Any CPU.Build.0 = Release|Any CPU
	EndGlobalSection
	GlobalSection(SolutionProperties) = preSolution
		HideSolutionNode = FALSE
	EndGlobalSection
EndGlobal
